
Microsoft Visual Studio Solution File, Format Version 12.00
# Visual Studio Version 16
VisualStudioVersion = 16.0.31424.327
MinimumVisualStudioVersion = 10.0.40219.1
Project("{FAE04EC0-301F-11D3-BF4B-00C04F79EFBC}") = "EstudioAspNet", "EstudioAspNet\EstudioAspNet.csproj", "{C8C3654A-ED1A-4FEC-ABB5-0BCB0185C43B}"
EndProject
Project("{FAE04EC0-301F-11D3-BF4B-00C04F79EFBC}") = "AplicacionSession002", "AplicacionSession002\AplicacionSession002.csproj", "{96FCF4D9-E55A-438D-AA64-799D4A78E3B2}"
EndProject
Project("{FAE04EC0-301F-11D3-BF4B-00C04F79EFBC}") = "EventosPagina003", "EventosPagina003\EventosPagina003.csproj", "{3D4741BF-1FBB-4F2F-9326-C7B9A142AFCF}"
EndProject
Project("{FAE04EC0-301F-11D3-BF4B-00C04F79EFBC}") = "CalculosGeometricos", "CalculosGeometricos\CalculosGeometricos.csproj", "{F79E36F4-3014-4360-A5E7-EBA719E2F204}"
EndProject
Global
	GlobalSection(SolutionConfigurationPlatforms) = preSolution
		Debug|Any CPU = Debug|Any CPU
		Release|Any CPU = Release|Any CPU
	EndGlobalSection
	GlobalSection(ProjectConfigurationPlatforms) = postSolution
		{C8C3654A-ED1A-4FEC-ABB5-0BCB0185C43B}.Debug|Any CPU.ActiveCfg = Debug|Any CPU
		{C8C3654A-ED1A-4FEC-ABB5-0BCB0185C43B}.Debug|Any CPU.Build.0 = Debug|Any CPU
		{C8C3654A-ED1A-4FEC-ABB5-0BCB0185C43B}.Release|Any CPU.ActiveCfg = Release|Any CPU
		{C8C3654A-ED1A-4FEC-ABB5-0BCB0185C43B}.Release|Any CPU.Build.0 = Release|Any CPU
		{96FCF4D9-E55A-438D-AA64-799D4A78E3B2}.Debug|Any CPU.ActiveCfg = Debug|Any CPU
		{96FCF4D9-E55A-438D-AA64-799D4A78E3B2}.Debug|Any CPU.Build.0 = Debug|Any CPU
		{96FCF4D9-E55A-438D-AA64-799D4A78E3B2}.Release|Any CPU.ActiveCfg = Release|Any CPU
		{96FCF4D9-E55A-438D-AA64-799D4A78E3B2}.Release|Any CPU.Build.0 = Release|Any CPU
		{3D4741BF-1FBB-4F2F-9326-C7B9A142AFCF}.Debug|Any CPU.ActiveCfg = Debug|Any CPU
		{3D4741BF-1FBB-4F2F-9326-C7B9A142AFCF}.Debug|Any CPU.Build.0 = Debug|Any CPU
		{3D4741BF-1FBB-4F2F-9326-C7B9A142AFCF}.Release|Any CPU.ActiveCfg = Release|Any CPU
		{3D4741BF-1FBB-4F2F-9326-C7B9A142AFCF}.Release|Any CPU.Build.0 = Release|Any CPU
		{F79E36F4-3014-4360-A5E7-EBA719E2F204}.Debug|Any CPU.ActiveCfg = Debug|Any CPU
		{F79E36F4-3014-4360-A5E7-EBA719E2F204}.Debug|Any CPU.Build.0 = Debug|Any CPU
		{F79E36F4-3014-4360-A5E7-EBA719E2F204}.Release|Any CPU.ActiveCfg = Release|Any CPU
		{F79E36F4-3014-4360-A5E7-EBA719E2F204}.Release|Any CPU.Build.0 = Release|Any CPU
	EndGlobalSection
	GlobalSection(SolutionProperties) = preSolution
		HideSolutionNode = FALSE
	EndGlobalSection
	GlobalSection(ExtensibilityGlobals) = postSolution
		SolutionGuid = {DEBE30DF-6584-47BE-B356-4571C4FCEA56}
	EndGlobalSection
EndGlobal
